
Microsoft Visual Studio Solution File, Format Version 12.00
# Visual Studio Version 17
VisualStudioVersion = 17.0.31912.275
MinimumVisualStudioVersion = 10.0.40219.1
Project("{8BC9CEB8-8B4A-11D0-8D11-00A0C91BC942}") = "BOJ001", "BOJ\BOJ.vcxproj", "{7ADEDA77-25F5-4D5A-81C2-DEAC83672DF1}"
EndProject
Project("{8BC9CEB8-8B4A-11D0-8D11-00A0C91BC942}") = "BOJ002", "BOJ002\BOJ002.vcxproj", "{30A7120E-0542-4352-811C-81905DF26EB0}"
EndProject
Project("{8BC9CEB8-8B4A-11D0-8D11-00A0C91BC942}") = "BOJ003", "BOJ003\BOJ003.vcxproj", "{B3A69802-B57E-4011-A4F2-11FD0BB153A4}"
EndProject
Project("{8BC9CEB8-8B4A-11D0-8D11-00A0C91BC942}") = "BOJ7568", "BOJ7568\BOJ7568.vcxproj", "{05D5ADDC-4BC0-4D0A-93DA-6EB705E4DAEC}"
EndProject
Project("{8BC9CEB8-8B4A-11D0-8D11-00A0C91BC942}") = "BOJ1018", "BOJ1018\BOJ1018.vcxproj", "{AEEEBF0A-752F-4D48-877A-84B85246CEEA}"
EndProject
Project("{8BC9CEB8-8B4A-11D0-8D11-00A0C91BC942}") = "BOJ10828", "BOJ10828\BOJ10828.vcxproj", "{3B0DFF92-1B88-40F9-BDE6-22E48D5DE4A2}"
EndProject
Global
	GlobalSection(SolutionConfigurationPlatforms) = preSolution
		Debug|x64 = Debug|x64
		Debug|x86 = Debug|x86
		Release|x64 = Release|x64
		Release|x86 = Release|x86
	EndGlobalSection
	GlobalSection(ProjectConfigurationPlatforms) = postSolution
		{7ADEDA77-25F5-4D5A-81C2-DEAC83672DF1}.Debug|x64.ActiveCfg = Debug|x64
		{7ADEDA77-25F5-4D5A-81C2-DEAC83672DF1}.Debug|x64.Build.0 = Debug|x64
		{7ADEDA77-25F5-4D5A-81C2-DEAC83672DF1}.Debug|x86.ActiveCfg = Debug|Win32
		{7ADEDA77-25F5-4D5A-81C2-DEAC83672DF1}.Debug|x86.Build.0 = Debug|Win32
		{7ADEDA77-25F5-4D5A-81C2-DEAC83672DF1}.Release|x64.ActiveCfg = Release|x64
		{7ADEDA77-25F5-4D5A-81C2-DEAC83672DF1}.Release|x64.Build.0 = Release|x64
		{7ADEDA77-25F5-4D5A-81C2-DEAC83672DF1}.Release|x86.ActiveCfg = Release|Win32
		{7ADEDA77-25F5-4D5A-81C2-DEAC83672DF1}.Release|x86.Build.0 = Release|Win32
		{30A7120E-0542-4352-811C-81905DF26EB0}.Debug|x64.ActiveCfg = Debug|x64
		{30A7120E-0542-4352-811C-81905DF26EB0}.Debug|x64.Build.0 = Debug|x64
		{30A7120E-0542-4352-811C-81905DF26EB0}.Debug|x86.ActiveCfg = Debug|Win32
		{30A7120E-0542-4352-811C-81905DF26EB0}.Debug|x86.Build.0 = Debug|Win32
		{30A7120E-0542-4352-811C-81905DF26EB0}.Release|x64.ActiveCfg = Release|x64
		{30A7120E-0542-4352-811C-81905DF26EB0}.Release|x64.Build.0 = Release|x64
		{30A7120E-0542-4352-811C-81905DF26EB0}.Release|x86.ActiveCfg = Release|Win32
		{30A7120E-0542-4352-811C-81905DF26EB0}.Release|x86.Build.0 = Release|Win32
		{B3A69802-B57E-4011-A4F2-11FD0BB153A4}.Debug|x64.ActiveCfg = Debug|x64
		{B3A69802-B57E-4011-A4F2-11FD0BB153A4}.Debug|x64.Build.0 = Debug|x64
		{B3A69802-B57E-4011-A4F2-11FD0BB153A4}.Debug|x86.ActiveCfg = Debug|Win32
		{B3A69802-B57E-4011-A4F2-11FD0BB153A4}.Debug|x86.Build.0 = Debug|Win32
		{B3A69802-B57E-4011-A4F2-11FD0BB153A4}.Release|x64.ActiveCfg = Release|x64
		{B3A69802-B57E-4011-A4F2-11FD0BB153A4}.Release|x64.Build.0 = Release|x64
		{B3A69802-B57E-4011-A4F2-11FD0BB153A4}.Release|x86.ActiveCfg = Release|Win32
		{B3A69802-B57E-4011-A4F2-11FD0BB153A4}.Release|x86.Build.0 = Release|Win32
		{05D5ADDC-4BC0-4D0A-93DA-6EB705E4DAEC}.Debug|x64.ActiveCfg = Debug|x64
		{05D5ADDC-4BC0-4D0A-93DA-6EB705E4DAEC}.Debug|x64.Build.0 = Debug|x64
		{05D5ADDC-4BC0-4D0A-93DA-6EB705E4DAEC}.Debug|x86.ActiveCfg = Debug|Win32
		{05D5ADDC-4BC0-4D0A-93DA-6EB705E4DAEC}.Debug|x86.Build.0 = Debug|Win32
		{05D5ADDC-4BC0-4D0A-93DA-6EB705E4DAEC}.Release|x64.ActiveCfg = Release|x64
		{05D5ADDC-4BC0-4D0A-93DA-6EB705E4DAEC}.Release|x64.Build.0 = Release|x64
		{05D5ADDC-4BC0-4D0A-93DA-6EB705E4DAEC}.Release|x86.ActiveCfg = Release|Win32
		{05D5ADDC-4BC0-4D0A-93DA-6EB705E4DAEC}.Release|x86.Build.0 = Release|Win32
		{AEEEBF0A-752F-4D48-877A-84B85246CEEA}.Debug|x64.ActiveCfg = Debug|x64
		{AEEEBF0A-752F-4D48-877A-84B85246CEEA}.Debug|x64.Build.0 = Debug|x64
		{AEEEBF0A-752F-4D48-877A-84B85246CEEA}.Debug|x86.ActiveCfg = Debug|Win32
		{AEEEBF0A-752F-4D48-877A-84B85246CEEA}.Debug|x86.Build.0 = Debug|Win32
		{AEEEBF0A-752F-4D48-877A-84B85246CEEA}.Release|x64.ActiveCfg = Release|x64
		{AEEEBF0A-752F-4D48-877A-84B85246CEEA}.Release|x64.Build.0 = Release|x64
		{AEEEBF0A-752F-4D48-877A-84B85246CEEA}.Release|x86.ActiveCfg = Release|Win32
		{AEEEBF0A-752F-4D48-877A-84B85246CEEA}.Release|x86.Build.0 = Release|Win32
		{3B0DFF92-1B88-40F9-BDE6-22E48D5DE4A2}.Debug|x64.ActiveCfg = Debug|x64
		{3B0DFF92-1B88-40F9-BDE6-22E48D5DE4A2}.Debug|x64.Build.0 = Debug|x64
		{3B0DFF92-1B88-40F9-BDE6-22E48D5DE4A2}.Debug|x86.ActiveCfg = Debug|Win32
		{3B0DFF92-1B88-40F9-BDE6-22E48D5DE4A2}.Debug|x86.Build.0 = Debug|Win32
		{3B0DFF92-1B88-40F9-BDE6-22E48D5DE4A2}.Release|x64.ActiveCfg = Release|x64
		{3B0DFF92-1B88-40F9-BDE6-22E48D5DE4A2}.Release|x64.Build.0 = Release|x64
		{3B0DFF92-1B88-40F9-BDE6-22E48D5DE4A2}.Release|x86.ActiveCfg = Release|Win32
		{3B0DFF92-1B88-40F9-BDE6-22E48D5DE4A2}.Release|x86.Build.0 = Release|Win32
	EndGlobalSection
	GlobalSection(SolutionProperties) = preSolution
		HideSolutionNode = FALSE
	EndGlobalSection
	GlobalSection(ExtensibilityGlobals) = postSolution
		SolutionGuid = {2A1ACE6F-FFA7-4077-B92D-6D88150E8B28}
	EndGlobalSection
EndGlobal
